// !$*UTF8*$!
{
	archiveVersion = 1;
	classes = {
	};
	objectVersion = 50;
	objects = {

/* Begin PBXBuildFile section */
		589CC07E25671C1A00BCA796 /* LibraryView.swift in Sources */ = {isa = PBXBuildFile; fileRef = 589CC07D25671C1A00BCA796 /* LibraryView.swift */; };
		589CC08C25671FF900BCA796 /* Book.swift in Sources */ = {isa = PBXBuildFile; fileRef = 589CC08B25671FF900BCA796 /* Book.swift */; };
		589CC0AB2568788000BCA796 /* Page.swift in Sources */ = {isa = PBXBuildFile; fileRef = 589CC0AA2568788000BCA796 /* Page.swift */; };
		589CC0B525687F6700BCA796 /* BookDetail.swift in Sources */ = {isa = PBXBuildFile; fileRef = 589CC0B425687F6700BCA796 /* BookDetail.swift */; };
		58E6FC92255218B200E27903 /* AppDelegate.swift in Sources */ = {isa = PBXBuildFile; fileRef = 58E6FC91255218B200E27903 /* AppDelegate.swift */; };
		58E6FC94255218B200E27903 /* ContentView.swift in Sources */ = {isa = PBXBuildFile; fileRef = 58E6FC93255218B200E27903 /* ContentView.swift */; };
		58E6FC96255218B200E27903 /* Experience.rcproject in Sources */ = {isa = PBXBuildFile; fileRef = 58E6FC95255218B200E27903 /* Experience.rcproject */; };
		58E6FC98255218CC00E27903 /* Assets.xcassets in Resources */ = {isa = PBXBuildFile; fileRef = 58E6FC97255218CC00E27903 /* Assets.xcassets */; };
		58E6FC9B255218CC00E27903 /* Preview Assets.xcassets in Resources */ = {isa = PBXBuildFile; fileRef = 58E6FC9A255218CC00E27903 /* Preview Assets.xcassets */; };
		58E6FCA6255218CD00E27903 /* Novel_CommonsTests.swift in Sources */ = {isa = PBXBuildFile; fileRef = 58E6FCA5255218CD00E27903 /* Novel_CommonsTests.swift */; };
		58E6FCB1255218CD00E27903 /* Novel_CommonsUITests.swift in Sources */ = {isa = PBXBuildFile; fileRef = 58E6FCB0255218CD00E27903 /* Novel_CommonsUITests.swift */; };
/* End PBXBuildFile section */

/* Begin PBXContainerItemProxy section */
		58E6FCA2255218CD00E27903 /* PBXContainerItemProxy */ = {
			isa = PBXContainerItemProxy;
			containerPortal = 58E6FC86255218B100E27903 /* Project object */;
			proxyType = 1;
			remoteGlobalIDString = 58E6FC8D255218B100E27903;
			remoteInfo = "Novel Commons";
		};
		58E6FCAD255218CD00E27903 /* PBXContainerItemProxy */ = {
			isa = PBXContainerItemProxy;
			containerPortal = 58E6FC86255218B100E27903 /* Project object */;
			proxyType = 1;
			remoteGlobalIDString = 58E6FC8D255218B100E27903;
			remoteInfo = "Novel Commons";
		};
/* End PBXContainerItemProxy section */

/* Begin PBXFileReference section */
		589CC07D25671C1A00BCA796 /* LibraryView.swift */ = {isa = PBXFileReference; lastKnownFileType = sourcecode.swift; path = LibraryView.swift; sourceTree = "<group>"; };
		589CC08B25671FF900BCA796 /* Book.swift */ = {isa = PBXFileReference; lastKnownFileType = sourcecode.swift; path = Book.swift; sourceTree = "<group>"; };
		589CC0AA2568788000BCA796 /* Page.swift */ = {isa = PBXFileReference; lastKnownFileType = sourcecode.swift; path = Page.swift; sourceTree = "<group>"; };
		589CC0B425687F6700BCA796 /* BookDetail.swift */ = {isa = PBXFileReference; lastKnownFileType = sourcecode.swift; path = BookDetail.swift; sourceTree = "<group>"; };
		58E6FC8E255218B200E27903 /* Novel Commons.app */ = {isa = PBXFileReference; explicitFileType = wrapper.application; includeInIndex = 0; path = "Novel Commons.app"; sourceTree = BUILT_PRODUCTS_DIR; };
		58E6FC91255218B200E27903 /* AppDelegate.swift */ = {isa = PBXFileReference; lastKnownFileType = sourcecode.swift; path = AppDelegate.swift; sourceTree = "<group>"; };
		58E6FC93255218B200E27903 /* ContentView.swift */ = {isa = PBXFileReference; lastKnownFileType = sourcecode.swift; path = ContentView.swift; sourceTree = "<group>"; };
		58E6FC95255218B200E27903 /* Experience.rcproject */ = {isa = PBXFileReference; lastKnownFileType = file.rcproject; path = Experience.rcproject; sourceTree = "<group>"; };
		58E6FC97255218CC00E27903 /* Assets.xcassets */ = {isa = PBXFileReference; lastKnownFileType = folder.assetcatalog; path = Assets.xcassets; sourceTree = "<group>"; };
		58E6FC9A255218CC00E27903 /* Preview Assets.xcassets */ = {isa = PBXFileReference; lastKnownFileType = folder.assetcatalog; path = "Preview Assets.xcassets"; sourceTree = "<group>"; };
		58E6FC9C255218CC00E27903 /* Info.plist */ = {isa = PBXFileReference; lastKnownFileType = text.plist.xml; path = Info.plist; sourceTree = "<group>"; };
		58E6FCA1255218CD00E27903 /* Novel CommonsTests.xctest */ = {isa = PBXFileReference; explicitFileType = wrapper.cfbundle; includeInIndex = 0; path = "Novel CommonsTests.xctest"; sourceTree = BUILT_PRODUCTS_DIR; };
		58E6FCA5255218CD00E27903 /* Novel_CommonsTests.swift */ = {isa = PBXFileReference; lastKnownFileType = sourcecode.swift; path = Novel_CommonsTests.swift; sourceTree = "<group>"; };
		58E6FCA7255218CD00E27903 /* Info.plist */ = {isa = PBXFileReference; lastKnownFileType = text.plist.xml; path = Info.plist; sourceTree = "<group>"; };
		58E6FCAC255218CD00E27903 /* Novel CommonsUITests.xctest */ = {isa = PBXFileReference; explicitFileType = wrapper.cfbundle; includeInIndex = 0; path = "Novel CommonsUITests.xctest"; sourceTree = BUILT_PRODUCTS_DIR; };
		58E6FCB0255218CD00E27903 /* Novel_CommonsUITests.swift */ = {isa = PBXFileReference; lastKnownFileType = sourcecode.swift; path = Novel_CommonsUITests.swift; sourceTree = "<group>"; };
		58E6FCB2255218CD00E27903 /* Info.plist */ = {isa = PBXFileReference; lastKnownFileType = text.plist.xml; path = Info.plist; sourceTree = "<group>"; };
/* End PBXFileReference section */

/* Begin PBXFrameworksBuildPhase section */
		58E6FC8B255218B100E27903 /* Frameworks */ = {
			isa = PBXFrameworksBuildPhase;
			buildActionMask = 2147483647;
			files = (
			);
			runOnlyForDeploymentPostprocessing = 0;
		};
		58E6FC9E255218CD00E27903 /* Frameworks */ = {
			isa = PBXFrameworksBuildPhase;
			buildActionMask = 2147483647;
			files = (
			);
			runOnlyForDeploymentPostprocessing = 0;
		};
		58E6FCA9255218CD00E27903 /* Frameworks */ = {
			isa = PBXFrameworksBuildPhase;
			buildActionMask = 2147483647;
			files = (
			);
			runOnlyForDeploymentPostprocessing = 0;
		};
/* End PBXFrameworksBuildPhase section */

/* Begin PBXGroup section */
		589CC0952567270400BCA796 /* Models */ = {
			isa = PBXGroup;
			children = (
				589CC08B25671FF900BCA796 /* Book.swift */,
				589CC0AA2568788000BCA796 /* Page.swift */,
			);
			path = Models;
			sourceTree = "<group>";
		};
		589CC09E2567290300BCA796 /* Resources */ = {
			isa = PBXGroup;
			children = (
			);
			path = Resources;
			sourceTree = "<group>";
		};
		58E6FC85255218B100E27903 = {
			isa = PBXGroup;
			children = (
				58E6FC90255218B200E27903 /* Novel Commons */,
				58E6FCA4255218CD00E27903 /* Novel CommonsTests */,
				58E6FCAF255218CD00E27903 /* Novel CommonsUITests */,
				58E6FC8F255218B200E27903 /* Products */,
			);
			sourceTree = "<group>";
		};
		58E6FC8F255218B200E27903 /* Products */ = {
			isa = PBXGroup;
			children = (
				58E6FC8E255218B200E27903 /* Novel Commons.app */,
				58E6FCA1255218CD00E27903 /* Novel CommonsTests.xctest */,
				58E6FCAC255218CD00E27903 /* Novel CommonsUITests.xctest */,
			);
			name = Products;
			sourceTree = "<group>";
		};
		58E6FC90255218B200E27903 /* Novel Commons */ = {
			isa = PBXGroup;
			children = (
				58E6FC91255218B200E27903 /* AppDelegate.swift */,
				58E6FC93255218B200E27903 /* ContentView.swift */,
				589CC07D25671C1A00BCA796 /* LibraryView.swift */,
				589CC0B425687F6700BCA796 /* BookDetail.swift */,
				589CC0952567270400BCA796 /* Models */,
				589CC09E2567290300BCA796 /* Resources */,
				58E6FC95255218B200E27903 /* Experience.rcproject */,
				58E6FC97255218CC00E27903 /* Assets.xcassets */,
				58E6FC9C255218CC00E27903 /* Info.plist */,
				58E6FC99255218CC00E27903 /* Preview Content */,
			);
			path = "Novel Commons";
			sourceTree = "<group>";
		};
		58E6FC99255218CC00E27903 /* Preview Content */ = {
			isa = PBXGroup;
			children = (
				58E6FC9A255218CC00E27903 /* Preview Assets.xcassets */,
			);
			path = "Preview Content";
			sourceTree = "<group>";
		};
		58E6FCA4255218CD00E27903 /* Novel CommonsTests */ = {
			isa = PBXGroup;
			children = (
				58E6FCA5255218CD00E27903 /* Novel_CommonsTests.swift */,
				58E6FCA7255218CD00E27903 /* Info.plist */,
			);
			path = "Novel CommonsTests";
			sourceTree = "<group>";
		};
		58E6FCAF255218CD00E27903 /* Novel CommonsUITests */ = {
			isa = PBXGroup;
			children = (
				58E6FCB0255218CD00E27903 /* Novel_CommonsUITests.swift */,
				58E6FCB2255218CD00E27903 /* Info.plist */,
			);
			path = "Novel CommonsUITests";
			sourceTree = "<group>";
		};
/* End PBXGroup section */

/* Begin PBXNativeTarget section */
		58E6FC8D255218B100E27903 /* Novel Commons */ = {
			isa = PBXNativeTarget;
			buildConfigurationList = 58E6FCB5255218CD00E27903 /* Build configuration list for PBXNativeTarget "Novel Commons" */;
			buildPhases = (
				58E6FC8A255218B100E27903 /* Sources */,
				58E6FC8B255218B100E27903 /* Frameworks */,
				58E6FC8C255218B100E27903 /* Resources */,
			);
			buildRules = (
			);
			dependencies = (
			);
			name = "Novel Commons";
			productName = "Novel Commons";
			productReference = 58E6FC8E255218B200E27903 /* Novel Commons.app */;
			productType = "com.apple.product-type.application";
		};
		58E6FCA0255218CD00E27903 /* Novel CommonsTests */ = {
			isa = PBXNativeTarget;
			buildConfigurationList = 58E6FCB8255218CD00E27903 /* Build configuration list for PBXNativeTarget "Novel CommonsTests" */;
			buildPhases = (
				58E6FC9D255218CD00E27903 /* Sources */,
				58E6FC9E255218CD00E27903 /* Frameworks */,
				58E6FC9F255218CD00E27903 /* Resources */,
			);
			buildRules = (
			);
			dependencies = (
				58E6FCA3255218CD00E27903 /* PBXTargetDependency */,
			);
			name = "Novel CommonsTests";
			productName = "Novel CommonsTests";
			productReference = 58E6FCA1255218CD00E27903 /* Novel CommonsTests.xctest */;
			productType = "com.apple.product-type.bundle.unit-test";
		};
		58E6FCAB255218CD00E27903 /* Novel CommonsUITests */ = {
			isa = PBXNativeTarget;
			buildConfigurationList = 58E6FCBB255218CD00E27903 /* Build configuration list for PBXNativeTarget "Novel CommonsUITests" */;
			buildPhases = (
				58E6FCA8255218CD00E27903 /* Sources */,
				58E6FCA9255218CD00E27903 /* Frameworks */,
				58E6FCAA255218CD00E27903 /* Resources */,
			);
			buildRules = (
			);
			dependencies = (
				58E6FCAE255218CD00E27903 /* PBXTargetDependency */,
			);
			name = "Novel CommonsUITests";
			productName = "Novel CommonsUITests";
			productReference = 58E6FCAC255218CD00E27903 /* Novel CommonsUITests.xctest */;
			productType = "com.apple.product-type.bundle.ui-testing";
		};
/* End PBXNativeTarget section */

/* Begin PBXProject section */
		58E6FC86255218B100E27903 /* Project object */ = {
			isa = PBXProject;
			attributes = {
				LastSwiftUpdateCheck = 1210;
				LastUpgradeCheck = 1210;
				TargetAttributes = {
					58E6FC8D255218B100E27903 = {
						CreatedOnToolsVersion = 12.1;
					};
					58E6FCA0255218CD00E27903 = {
						CreatedOnToolsVersion = 12.1;
						TestTargetID = 58E6FC8D255218B100E27903;
					};
					58E6FCAB255218CD00E27903 = {
						CreatedOnToolsVersion = 12.1;
						TestTargetID = 58E6FC8D255218B100E27903;
					};
				};
			};
			buildConfigurationList = 58E6FC89255218B100E27903 /* Build configuration list for PBXProject "Novel Commons" */;
			compatibilityVersion = "Xcode 9.3";
			developmentRegion = en;
			hasScannedForEncodings = 0;
			knownRegions = (
				en,
				Base,
			);
			mainGroup = 58E6FC85255218B100E27903;
			productRefGroup = 58E6FC8F255218B200E27903 /* Products */;
			projectDirPath = "";
			projectRoot = "";
			targets = (
				58E6FC8D255218B100E27903 /* Novel Commons */,
				58E6FCA0255218CD00E27903 /* Novel CommonsTests */,
				58E6FCAB255218CD00E27903 /* Novel CommonsUITests */,
			);
		};
/* End PBXProject section */

/* Begin PBXResourcesBuildPhase section */
		58E6FC8C255218B100E27903 /* Resources */ = {
			isa = PBXResourcesBuildPhase;
			buildActionMask = 2147483647;
			files = (
				58E6FC9B255218CC00E27903 /* Preview Assets.xcassets in Resources */,
				58E6FC98255218CC00E27903 /* Assets.xcassets in Resources */,
			);
			runOnlyForDeploymentPostprocessing = 0;
		};
		58E6FC9F255218CD00E27903 /* Resources */ = {
			isa = PBXResourcesBuildPhase;
			buildActionMask = 2147483647;
			files = (
			);
			runOnlyForDeploymentPostprocessing = 0;
		};
		58E6FCAA255218CD00E27903 /* Resources */ = {
			isa = PBXResourcesBuildPhase;
			buildActionMask = 2147483647;
			files = (
			);
			runOnlyForDeploymentPostprocessing = 0;
		};
/* End PBXResourcesBuildPhase section */

/* Begin PBXSourcesBuildPhase section */
		58E6FC8A255218B100E27903 /* Sources */ = {
			isa = PBXSourcesBuildPhase;
			buildActionMask = 2147483647;
			files = (
				589CC07E25671C1A00BCA796 /* LibraryView.swift in Sources */,
				589CC0B525687F6700BCA796 /* BookDetail.swift in Sources */,
				58E6FC94255218B200E27903 /* ContentView.swift in Sources */,
				58E6FC92255218B200E27903 /* AppDelegate.swift in Sources */,
				589CC0AB2568788000BCA796 /* Page.swift in Sources */,
				589CC08C25671FF900BCA796 /* Book.swift in Sources */,
				58E6FC96255218B200E27903 /* Experience.rcproject in Sources */,
			);
			runOnlyForDeploymentPostprocessing = 0;
		};
		58E6FC9D255218CD00E27903 /* Sources */ = {
			isa = PBXSourcesBuildPhase;
			buildActionMask = 2147483647;
			files = (
				58E6FCA6255218CD00E27903 /* Novel_CommonsTests.swift in Sources */,
			);
			runOnlyForDeploymentPostprocessing = 0;
		};
		58E6FCA8255218CD00E27903 /* Sources */ = {
			isa = PBXSourcesBuildPhase;
			buildActionMask = 2147483647;
			files = (
				58E6FCB1255218CD00E27903 /* Novel_CommonsUITests.swift in Sources */,
			);
			runOnlyForDeploymentPostprocessing = 0;
		};
/* End PBXSourcesBuildPhase section */

/* Begin PBXTargetDependency section */
		58E6FCA3255218CD00E27903 /* PBXTargetDependency */ = {
			isa = PBXTargetDependency;
			target = 58E6FC8D255218B100E27903 /* Novel Commons */;
			targetProxy = 58E6FCA2255218CD00E27903 /* PBXContainerItemProxy */;
		};
		58E6FCAE255218CD00E27903 /* PBXTargetDependency */ = {
			isa = PBXTargetDependency;
			target = 58E6FC8D255218B100E27903 /* Novel Commons */;
			targetProxy = 58E6FCAD255218CD00E27903 /* PBXContainerItemProxy */;
		};
/* End PBXTargetDependency section */

/* Begin XCBuildConfiguration section */
		58E6FCB3255218CD00E27903 /* Debug */ = {
			isa = XCBuildConfiguration;
			buildSettings = {
				ALWAYS_SEARCH_USER_PATHS = NO;
				CLANG_ANALYZER_NONNULL = YES;
				CLANG_ANALYZER_NUMBER_OBJECT_CONVERSION = YES_AGGRESSIVE;
				CLANG_CXX_LANGUAGE_STANDARD = "gnu++14";
				CLANG_CXX_LIBRARY = "libc++";
				CLANG_ENABLE_MODULES = YES;
				CLANG_ENABLE_OBJC_ARC = YES;
				CLANG_ENABLE_OBJC_WEAK = YES;
				CLANG_WARN_BLOCK_CAPTURE_AUTORELEASING = YES;
				CLANG_WARN_BOOL_CONVERSION = YES;
				CLANG_WARN_COMMA = YES;
				CLANG_WARN_CONSTANT_CONVERSION = YES;
				CLANG_WARN_DEPRECATED_OBJC_IMPLEMENTATIONS = YES;
				CLANG_WARN_DIRECT_OBJC_ISA_USAGE = YES_ERROR;
				CLANG_WARN_DOCUMENTATION_COMMENTS = YES;
				CLANG_WARN_EMPTY_BODY = YES;
				CLANG_WARN_ENUM_CONVERSION = YES;
				CLANG_WARN_INFINITE_RECURSION = YES;
				CLANG_WARN_INT_CONVERSION = YES;
				CLANG_WARN_NON_LITERAL_NULL_CONVERSION = YES;
				CLANG_WARN_OBJC_IMPLICIT_RETAIN_SELF = YES;
				CLANG_WARN_OBJC_LITERAL_CONVERSION = YES;
				CLANG_WARN_OBJC_ROOT_CLASS = YES_ERROR;
				CLANG_WARN_QUOTED_INCLUDE_IN_FRAMEWORK_HEADER = YES;
				CLANG_WARN_RANGE_LOOP_ANALYSIS = YES;
				CLANG_WARN_STRICT_PROTOTYPES = YES;
				CLANG_WARN_SUSPICIOUS_MOVE = YES;
				CLANG_WARN_UNGUARDED_AVAILABILITY = YES_AGGRESSIVE;
				CLANG_WARN_UNREACHABLE_CODE = YES;
				CLANG_WARN__DUPLICATE_METHOD_MATCH = YES;
				COPY_PHASE_STRIP = NO;
				DEBUG_INFORMATION_FORMAT = dwarf;
				ENABLE_STRICT_OBJC_MSGSEND = YES;
				ENABLE_TESTABILITY = YES;
				GCC_C_LANGUAGE_STANDARD = gnu11;
				GCC_DYNAMIC_NO_PIC = NO;
				GCC_NO_COMMON_BLOCKS = YES;
				GCC_OPTIMIZATION_LEVEL = 0;
				GCC_PREPROCESSOR_DEFINITIONS = (
					"DEBUG=1",
					"$(inherited)",
				);
				GCC_WARN_64_TO_32_BIT_CONVERSION = YES;
				GCC_WARN_ABOUT_RETURN_TYPE = YES_ERROR;
				GCC_WARN_UNDECLARED_SELECTOR = YES;
				GCC_WARN_UNINITIALIZED_AUTOS = YES_AGGRESSIVE;
				GCC_WARN_UNUSED_FUNCTION = YES;
				GCC_WARN_UNUSED_VARIABLE = YES;
				IPHONEOS_DEPLOYMENT_TARGET = 14.1;
				MTL_ENABLE_DEBUG_INFO = INCLUDE_SOURCE;
				MTL_FAST_MATH = YES;
				ONLY_ACTIVE_ARCH = YES;
				SDKROOT = iphoneos;
				SWIFT_ACTIVE_COMPILATION_CONDITIONS = DEBUG;
				SWIFT_OPTIMIZATION_LEVEL = "-Onone";
			};
			name = Debug;
		};
		58E6FCB4255218CD00E27903 /* Release */ = {
			isa = XCBuildConfiguration;
			buildSettings = {
				ALWAYS_SEARCH_USER_PATHS = NO;
				CLANG_ANALYZER_NONNULL = YES;
				CLANG_ANALYZER_NUMBER_OBJECT_CONVERSION = YES_AGGRESSIVE;
				CLANG_CXX_LANGUAGE_STANDARD = "gnu++14";
				CLANG_CXX_LIBRARY = "libc++";
				CLANG_ENABLE_MODULES = YES;
				CLANG_ENABLE_OBJC_ARC = YES;
				CLANG_ENABLE_OBJC_WEAK = YES;
				CLANG_WARN_BLOCK_CAPTURE_AUTORELEASING = YES;
				CLANG_WARN_BOOL_CONVERSION = YES;
				CLANG_WARN_COMMA = YES;
				CLANG_WARN_CONSTANT_CONVERSION = YES;
				CLANG_WARN_DEPRECATED_OBJC_IMPLEMENTATIONS = YES;
				CLANG_WARN_DIRECT_OBJC_ISA_USAGE = YES_ERROR;
				CLANG_WARN_DOCUMENTATION_COMMENTS = YES;
				CLANG_WARN_EMPTY_BODY = YES;
				CLANG_WARN_ENUM_CONVERSION = YES;
				CLANG_WARN_INFINITE_RECURSION = YES;
				CLANG_WARN_INT_CONVERSION = YES;
				CLANG_WARN_NON_LITERAL_NULL_CONVERSION = YES;
				CLANG_WARN_OBJC_IMPLICIT_RETAIN_SELF = YES;
				CLANG_WARN_OBJC_LITERAL_CONVERSION = YES;
				CLANG_WARN_OBJC_ROOT_CLASS = YES_ERROR;
				CLANG_WARN_QUOTED_INCLUDE_IN_FRAMEWORK_HEADER = YES;
				CLANG_WARN_RANGE_LOOP_ANALYSIS = YES;
				CLANG_WARN_STRICT_PROTOTYPES = YES;
				CLANG_WARN_SUSPICIOUS_MOVE = YES;
				CLANG_WARN_UNGUARDED_AVAILABILITY = YES_AGGRESSIVE;
				CLANG_WARN_UNREACHABLE_CODE = YES;
				CLANG_WARN__DUPLICATE_METHOD_MATCH = YES;
				COPY_PHASE_STRIP = NO;
				DEBUG_INFORMATION_FORMAT = "dwarf-with-dsym";
				ENABLE_NS_ASSERTIONS = NO;
				ENABLE_STRICT_OBJC_MSGSEND = YES;
				GCC_C_LANGUAGE_STANDARD = gnu11;
				GCC_NO_COMMON_BLOCKS = YES;
				GCC_WARN_64_TO_32_BIT_CONVERSION = YES;
				GCC_WARN_ABOUT_RETURN_TYPE = YES_ERROR;
				GCC_WARN_UNDECLARED_SELECTOR = YES;
				GCC_WARN_UNINITIALIZED_AUTOS = YES_AGGRESSIVE;
				GCC_WARN_UNUSED_FUNCTION = YES;
				GCC_WARN_UNUSED_VARIABLE = YES;
				IPHONEOS_DEPLOYMENT_TARGET = 14.1;
				MTL_ENABLE_DEBUG_INFO = NO;
				MTL_FAST_MATH = YES;
				SDKROOT = iphoneos;
				SWIFT_COMPILATION_MODE = wholemodule;
				SWIFT_OPTIMIZATION_LEVEL = "-O";
				VALIDATE_PRODUCT = YES;
			};
			name = Release;
		};
		58E6FCB6255218CD00E27903 /* Debug */ = {
			isa = XCBuildConfiguration;
			buildSettings = {
				ASSETCATALOG_COMPILER_APPICON_NAME = AppIcon;
				ASSETCATALOG_COMPILER_GLOBAL_ACCENT_COLOR_NAME = AccentColor;
				CODE_SIGN_STYLE = Automatic;
				DEVELOPMENT_ASSET_PATHS = "\"Novel Commons/Preview Content\"";
				DEVELOPMENT_TEAM = 4TCWLRP7C3;
				ENABLE_PREVIEWS = YES;
				INFOPLIST_FILE = "Novel Commons/Info.plist";
				LD_RUNPATH_SEARCH_PATHS = (
					"$(inherited)",
					"@executable_path/Frameworks",
				);
				PRODUCT_BUNDLE_IDENTIFIER = "Novel-Commons.Novel-Commons";
				PRODUCT_NAME = "$(TARGET_NAME)";
				SWIFT_VERSION = 5.0;
				TARGETED_DEVICE_FAMILY = "1,2";
			};
			name = Debug;
		};
		58E6FCB7255218CD00E27903 /* Release */ = {
			isa = XCBuildConfiguration;
			buildSettings = {
				ASSETCATALOG_COMPILER_APPICON_NAME = AppIcon;
				ASSETCATALOG_COMPILER_GLOBAL_ACCENT_COLOR_NAME = AccentColor;
				CODE_SIGN_STYLE = Automatic;
				DEVELOPMENT_ASSET_PATHS = "\"Novel Commons/Preview Content\"";
				DEVELOPMENT_TEAM = 4TCWLRP7C3;
				ENABLE_PREVIEWS = YES;
				INFOPLIST_FILE = "Novel Commons/Info.plist";
				LD_RUNPATH_SEARCH_PATHS = (
					"$(inherited)",
					"@executable_path/Frameworks",
				);
				PRODUCT_BUNDLE_IDENTIFIER = "Novel-Commons.Novel-Commons";
				PRODUCT_NAME = "$(TARGET_NAME)";
				SWIFT_VERSION = 5.0;
				TARGETED_DEVICE_FAMILY = "1,2";
			};
			name = Release;
		};
		58E6FCB9255218CD00E27903 /* Debug */ = {
			isa = XCBuildConfiguration;
			buildSettings = {
				ALWAYS_EMBED_SWIFT_STANDARD_LIBRARIES = YES;
				BUNDLE_LOADER = "$(TEST_HOST)";
				CODE_SIGN_STYLE = Automatic;
				INFOPLIST_FILE = "Novel CommonsTests/Info.plist";
				IPHONEOS_DEPLOYMENT_TARGET = 14.1;
				LD_RUNPATH_SEARCH_PATHS = (
					"$(inherited)",
					"@executable_path/Frameworks",
					"@loader_path/Frameworks",
				);
				PRODUCT_BUNDLE_IDENTIFIER = "Novel-Commons.Novel-CommonsTests";
				PRODUCT_NAME = "$(TARGET_NAME)";
				SWIFT_VERSION = 5.0;
				TARGETED_DEVICE_FAMILY = "1,2";
				TEST_HOST = "$(BUILT_PRODUCTS_DIR)/Novel Commons.app/Novel Commons";
			};
			name = Debug;
		};
		58E6FCBA255218CD00E27903 /* Release */ = {
			isa = XCBuildConfiguration;
			buildSettings = {
				ALWAYS_EMBED_SWIFT_STANDARD_LIBRARIES = YES;
				BUNDLE_LOADER = "$(TEST_HOST)";
				CODE_SIGN_STYLE = Automatic;
				INFOPLIST_FILE = "Novel CommonsTests/Info.plist";
				IPHONEOS_DEPLOYMENT_TARGET = 14.1;
				LD_RUNPATH_SEARCH_PATHS = (
					"$(inherited)",
					"@executable_path/Frameworks",
					"@loader_path/Frameworks",
				);
				PRODUCT_BUNDLE_IDENTIFIER = "Novel-Commons.Novel-CommonsTests";
				PRODUCT_NAME = "$(TARGET_NAME)";
				SWIFT_VERSION = 5.0;
				TARGETED_DEVICE_FAMILY = "1,2";
				TEST_HOST = "$(BUILT_PRODUCTS_DIR)/Novel Commons.app/Novel Commons";
			};
			name = Release;
		};
		58E6FCBC255218CD00E27903 /* Debug */ = {
			isa = XCBuildConfiguration;
			buildSettings = {
				ALWAYS_EMBED_SWIFT_STANDARD_LIBRARIES = YES;
				CODE_SIGN_STYLE = Automatic;
				INFOPLIST_FILE = "Novel CommonsUITests/Info.plist";
				LD_RUNPATH_SEARCH_PATHS = (
					"$(inherited)",
					"@executable_path/Frameworks",
					"@loader_path/Frameworks",
				);
				PRODUCT_BUNDLE_IDENTIFIER = "Novel-Commons.Novel-CommonsUITests";
				PRODUCT_NAME = "$(TARGET_NAME)";
				SWIFT_VERSION = 5.0;
				TARGETED_DEVICE_FAMILY = "1,2";
				TEST_TARGET_NAME = "Novel Commons";
			};
			name = Debug;
		};
		58E6FCBD255218CD00E27903 /* Release */ = {
			isa = XCBuildConfiguration;
			buildSettings = {
				ALWAYS_EMBED_SWIFT_STANDARD_LIBRARIES = YES;
				CODE_SIGN_STYLE = Automatic;
				INFOPLIST_FILE = "Novel CommonsUITests/Info.plist";
				LD_RUNPATH_SEARCH_PATHS = (
					"$(inherited)",
					"@executable_path/Frameworks",
					"@loader_path/Frameworks",
				);
				PRODUCT_BUNDLE_IDENTIFIER = "Novel-Commons.Novel-CommonsUITests";
				PRODUCT_NAME = "$(TARGET_NAME)";
				SWIFT_VERSION = 5.0;
				TARGETED_DEVICE_FAMILY = "1,2";
				TEST_TARGET_NAME = "Novel Commons";
			};
			name = Release;
		};
/* End XCBuildConfiguration section */

/* Begin XCConfigurationList section */
		58E6FC89255218B100E27903 /* Build configuration list for PBXProject "Novel Commons" */ = {
			isa = XCConfigurationList;
			buildConfigurations = (
				58E6FCB3255218CD00E27903 /* Debug */,
				58E6FCB4255218CD00E27903 /* Release */,
			);
			defaultConfigurationIsVisible = 0;
			defaultConfigurationName = Release;
		};
		58E6FCB5255218CD00E27903 /* Build configuration list for PBXNativeTarget "Novel Commons" */ = {
			isa = XCConfigurationList;
			buildConfigurations = (
				58E6FCB6255218CD00E27903 /* Debug */,
				58E6FCB7255218CD00E27903 /* Release */,
			);
			defaultConfigurationIsVisible = 0;
			defaultConfigurationName = Release;
		};
		58E6FCB8255218CD00E27903 /* Build configuration list for PBXNativeTarget "Novel CommonsTests" */ = {
			isa = XCConfigurationList;
			buildConfigurations = (
				58E6FCB9255218CD00E27903 /* Debug */,
				58E6FCBA255218CD00E27903 /* Release */,
			);
			defaultConfigurationIsVisible = 0;
			defaultConfigurationName = Release;
		};
		58E6FCBB255218CD00E27903 /* Build configuration list for PBXNativeTarget "Novel CommonsUITests" */ = {
			isa = XCConfigurationList;
			buildConfigurations = (
				58E6FCBC255218CD00E27903 /* Debug */,
				58E6FCBD255218CD00E27903 /* Release */,
			);
			defaultConfigurationIsVisible = 0;
			defaultConfigurationName = Release;
		};
/* End XCConfigurationList section */
	};
	rootObject = 58E6FC86255218B100E27903 /* Project object */;
}
